<?xml version="1.0" encoding="utf-8"?>
<Project ToolsVersion="4.0" xmlns="http://schemas.microsoft.com/developer/msbuild/2003">
  <ItemGroup>
    <Filter Include="Source Files">
      <UniqueIdentifier>{4FC737F1-C7A5-4376-A066-2A32D752A2FF}</UniqueIdentifier>
      <Extensions>cpp;c;cc;cxx;def;odl;idl;hpj;bat;asm;asmx</Extensions>
    </Filter>
    <Filter Include="Header Files">
      <UniqueIdentifier>{93995380-89BD-4b04-88EB-625FBE52EBFB}</UniqueIdentifier>
      <Extensions>h;hh;hpp;hxx;hm;inl;inc;ipp;xsd</Extensions>
    </Filter>
    <Filter Include="Resource Files">
      <UniqueIdentifier>{67DA6AB6-F800-4c08-8B7A-83BB121AAD01}</UniqueIdentifier>
      <Extensions>rc;ico;cur;bmp;dlg;rc2;rct;bin;rgs;gif;jpg;jpeg;jpe;resx;tiff;tif;png;wav;mfcribbon-ms</Extensions>
    </Filter>
    <Filter Include="assets">
      <UniqueIdentifier>{b1dadc04-5aa1-4bb7-b939-6b36684f80c4}</UniqueIdentifier>
    </Filter>
    <Filter Include="Header Files\nowarn">
      <UniqueIdentifier>{38e05be0-5756-4205-9a47-763cbdb168c7}</UniqueIdentifier>
    </Filter>
    <Filter Include="Header Files\nowarn\7zip">
      <UniqueIdentifier>{582d403e-0973-400d-9540-9262caf26d91}</UniqueIdentifier>
    </Filter>
    <Filter Include="Header Files\nowarn\cpprest">
      <UniqueIdentifier>{ec70f38b-35a7-49f4-83c5-eca31abe44a9}</UniqueIdentifier>
    </Filter>
    <Filter Include="Header Files\nowarn\msclr">
      <UniqueIdentifier>{0f0f8a75-44cf-4af9-800b-8253ca4558eb}</UniqueIdentifier>
    </Filter>
    <Filter Include="Header Files\nowarn\fakeit">
      <UniqueIdentifier>{a6ca2b88-1368-42b8-bf1e-91a8c61c782b}</UniqueIdentifier>
    </Filter>
    <Filter Include="Header Files\nowarn\wrl">
      <UniqueIdentifier>{a68902ea-80f4-4467-8182-45b663296ff6}</UniqueIdentifier>
    </Filter>
  </ItemGroup>
  <ItemGroup>
    <ClCompile Include="Main.cpp">
      <Filter>Source Files</Filter>
    </ClCompile>
    <ClCompile Include="PonyGame.cpp">
      <Filter>Source Files</Filter>
    </ClCompile>
    <ClCompile Include="StepTimer.cpp">
      <Filter>Source Files</Filter>
    </ClCompile>
    <ClCompile Include="Sprite.cpp">
      <Filter>Source Files</Filter>
    </ClCompile>
    <ClCompile Include="Pony.cpp">
      <Filter>Source Files</Filter>
    </ClCompile>
    <ClCompile Include="LevelScreen.cpp">
      <Filter>Source Files</Filter>
    </ClCompile>
    <ClCompile Include="Entity.cpp">
      <Filter>Source Files</Filter>
    </ClCompile>
  </ItemGroup>
  <ItemGroup>
    <ClInclude Include="PonyGame.h">
      <Filter>Header Files</Filter>
    </ClInclude>
    <ClInclude Include="StepTimer.h">
      <Filter>Header Files</Filter>
    </ClInclude>
    <ClInclude Include="Constants.h">
      <Filter>Header Files</Filter>
    </ClInclude>
    <ClInclude Include="LevelScreen.h">
      <Filter>Header Files</Filter>
    </ClInclude>
    <ClInclude Include="Sprite.h">
      <Filter>Header Files</Filter>
    </ClInclude>
    <ClInclude Include="..\..\Users\jecraft\source\repos\PonyGame\SharedResources\nowarn\atlbase.h">
      <Filter>Header Files\nowarn</Filter>
    </ClInclude>
    <ClInclude Include="..\..\Users\jecraft\source\repos\PonyGame\SharedResources\nowarn\concurrent_unordered_map.h">
      <Filter>Header Files\nowarn</Filter>
    </ClInclude>
    <ClInclude Include="..\..\Users\jecraft\source\repos\PonyGame\SharedResources\nowarn\concurrent_vector.h">
      <Filter>Header Files\nowarn</Filter>
    </ClInclude>
    <ClInclude Include="..\..\Users\jecraft\source\repos\PonyGame\SharedResources\nowarn\comdef.h">
      <Filter>Header Files\nowarn</Filter>
    </ClInclude>
    <ClInclude Include="..\..\Users\jecraft\source\repos\PonyGame\SharedResources\nowarn\comutil.h">
      <Filter>Header Files\nowarn</Filter>
    </ClInclude>
    <ClInclude Include="..\..\Users\jecraft\source\repos\PonyGame\SharedResources\nowarn\dbghelp.h">
      <Filter>Header Files\nowarn</Filter>
    </ClInclude>
    <ClInclude Include="..\..\Users\jecraft\source\repos\PonyGame\SharedResources\nowarn\ppl.h">
      <Filter>Header Files\nowarn</Filter>
    </ClInclude>
    <ClInclude Include="..\..\Users\jecraft\source\repos\PonyGame\SharedResources\nowarn\ppltasks.h">
      <Filter>Header Files\nowarn</Filter>
    </ClInclude>
    <ClInclude Include="..\..\Users\jecraft\source\repos\PonyGame\SharedResources\nowarn\rpc.h">
      <Filter>Header Files\nowarn</Filter>
    </ClInclude>
    <ClInclude Include="..\..\Users\jecraft\source\repos\PonyGame\SharedResources\nowarn\setupapi.h">
      <Filter>Header Files\nowarn</Filter>
    </ClInclude>
    <ClInclude Include="..\..\Users\jecraft\source\repos\PonyGame\SharedResources\nowarn\shared_mutex">
      <Filter>Header Files\nowarn</Filter>
    </ClInclude>
    <ClInclude Include="..\..\Users\jecraft\source\repos\PonyGame\SharedResources\nowarn\shlobj.h">
      <Filter>Header Files\nowarn</Filter>
    </ClInclude>
    <ClInclude Include="..\..\Users\jecraft\source\repos\PonyGame\SharedResources\nowarn\sqlncli.h">
      <Filter>Header Files\nowarn</Filter>
    </ClInclude>
    <ClInclude Include="..\..\Users\jecraft\source\repos\PonyGame\SharedResources\nowarn\tchar.h">
      <Filter>Header Files\nowarn</Filter>
    </ClInclude>
    <ClInclude Include="..\..\Users\jecraft\source\repos\PonyGame\SharedResources\nowarn\windows.h">
      <Filter>Header Files\nowarn</Filter>
    </ClInclude>
    <ClInclude Include="..\..\Users\jecraft\source\repos\PonyGame\SharedResources\nowarn\ws2tcpip.h">
      <Filter>Header Files\nowarn</Filter>
    </ClInclude>
    <ClInclude Include="..\..\Users\jecraft\source\repos\PonyGame\SharedResources\nowarn\wtypes.h">
      <Filter>Header Files\nowarn</Filter>
    </ClInclude>
    <ClInclude Include="..\..\Users\jecraft\source\repos\PonyGame\SharedResources\nowarn\d3d11_1.h">
      <Filter>Header Files\nowarn</Filter>
    </ClInclude>
    <ClInclude Include="..\..\Users\jecraft\source\repos\PonyGame\SharedResources\nowarn\Keyboard.h">
      <Filter>Header Files\nowarn</Filter>
    </ClInclude>
    <ClInclude Include="..\..\Users\jecraft\source\repos\PonyGame\SharedResources\nowarn\Mouse.h">
      <Filter>Header Files\nowarn</Filter>
    </ClInclude>
    <ClInclude Include="..\..\Users\jecraft\source\repos\PonyGame\SharedResources\nowarn\SimpleMath.h">
      <Filter>Header Files\nowarn</Filter>
    </ClInclude>
    <ClInclude Include="..\..\Users\jecraft\source\repos\PonyGame\SharedResources\nowarn\SpriteBatch.h">
      <Filter>Header Files\nowarn</Filter>
    </ClInclude>
    <ClInclude Include="..\..\Users\jecraft\source\repos\PonyGame\SharedResources\nowarn\stdint.h">
      <Filter>Header Files\nowarn</Filter>
    </ClInclude>
    <ClInclude Include="..\..\Users\jecraft\source\repos\PonyGame\SharedResources\nowarn\CommonStates.h">
      <Filter>Header Files\nowarn</Filter>
    </ClInclude>
    <ClInclude Include="..\..\Users\jecraft\source\repos\PonyGame\SharedResources\nowarn\DDSTextureLoader.h">
      <Filter>Header Files\nowarn</Filter>
    </ClInclude>
    <ClInclude Include="..\..\Users\jecraft\source\repos\PonyGame\SharedResources\nowarn\DirectXColors.h">
      <Filter>Header Files\nowarn</Filter>
    </ClInclude>
    <ClInclude Include="..\..\Users\jecraft\source\repos\PonyGame\SharedResources\nowarn\DirectXMath.h">
      <Filter>Header Files\nowarn</Filter>
    </ClInclude>
    <ClInclude Include="..\..\Users\jecraft\source\repos\PonyGame\SharedResources\nowarn\WICTextureLoader.h">
      <Filter>Header Files\nowarn</Filter>
    </ClInclude>
    <ClInclude Include="..\..\Users\jecraft\source\repos\PonyGame\SharedResources\nowarn\7zip\7zTypes.h">
      <Filter>Header Files\nowarn\7zip</Filter>
    </ClInclude>
    <ClInclude Include="..\..\Users\jecraft\source\repos\PonyGame\SharedResources\nowarn\7zip\LzmaDec.h">
      <Filter>Header Files\nowarn\7zip</Filter>
    </ClInclude>
    <ClInclude Include="..\..\Users\jecraft\source\repos\PonyGame\SharedResources\nowarn\7zip\LzmaEnc.h">
      <Filter>Header Files\nowarn\7zip</Filter>
    </ClInclude>
    <ClInclude Include="..\..\Users\jecraft\source\repos\PonyGame\SharedResources\nowarn\7zip\Threads.h">
      <Filter>Header Files\nowarn\7zip</Filter>
    </ClInclude>
    <ClInclude Include="..\..\Users\jecraft\source\repos\PonyGame\SharedResources\nowarn\cpprest\base_uri.h">
      <Filter>Header Files\nowarn\cpprest</Filter>
    </ClInclude>
    <ClInclude Include="..\..\Users\jecraft\source\repos\PonyGame\SharedResources\nowarn\cpprest\http_client.h">
      <Filter>Header Files\nowarn\cpprest</Filter>
    </ClInclude>
    <ClInclude Include="..\..\Users\jecraft\source\repos\PonyGame\SharedResources\nowarn\cpprest\http_listener.h">
      <Filter>Header Files\nowarn\cpprest</Filter>
    </ClInclude>
    <ClInclude Include="..\..\Users\jecraft\source\repos\PonyGame\SharedResources\nowarn\cpprest\json.h">
      <Filter>Header Files\nowarn\cpprest</Filter>
    </ClInclude>
    <ClInclude Include="..\..\Users\jecraft\source\repos\PonyGame\SharedResources\nowarn\msclr\marshal_cppstd.h">
      <Filter>Header Files\nowarn\msclr</Filter>
    </ClInclude>
    <ClInclude Include="..\..\Users\jecraft\source\repos\PonyGame\SharedResources\nowarn\msclr\marshal_windows.h">
      <Filter>Header Files\nowarn\msclr</Filter>
    </ClInclude>
    <ClInclude Include="..\..\Users\jecraft\source\repos\PonyGame\SharedResources\nowarn\fakeit\fakeit.hpp">
      <Filter>Header Files\nowarn\fakeit</Filter>
    </ClInclude>
    <ClInclude Include="..\..\Users\jecraft\source\repos\PonyGame\SharedResources\nowarn\wrl\client.h">
      <Filter>Header Files\nowarn\wrl</Filter>
    </ClInclude>
    <ClInclude Include="Pony.h">
      <Filter>Header Files</Filter>
    </ClInclude>
    <ClInclude Include="BackgroundTile.h">
      <Filter>Header Files</Filter>
    </ClInclude>
    <ClInclude Include="Entity.h">
      <Filter>Header Files</Filter>
    </ClInclude>
  </ItemGroup>
  <ItemGroup>
    <Image Include="assets\horse_idle_cycle.png">
      <Filter>assets</Filter>
    </Image>
    <Image Include="assets\horse_idle_smack_cycle.png">
      <Filter>assets</Filter>
    </Image>
    <Image Include="assets\horse_run_cycle.png">
      <Filter>assets</Filter>
    </Image>
    <Image Include="assets\sqrl_5frames.png">
      <Filter>assets</Filter>
    </Image>
  </ItemGroup>
  <ItemGroup>
    <None Include="cpp.hint" />
    <None Include="..\..\Users\jecraft\source\repos\PonyGame\SharedResources\nowarn\algorithm">
      <Filter>Header Files\nowarn</Filter>
    </None>
    <None Include="..\..\Users\jecraft\source\repos\PonyGame\SharedResources\nowarn\atomic">
      <Filter>Header Files\nowarn</Filter>
    </None>
    <None Include="..\..\Users\jecraft\source\repos\PonyGame\SharedResources\nowarn\chrono">
      <Filter>Header Files\nowarn</Filter>
    </None>
    <None Include="..\..\Users\jecraft\source\repos\PonyGame\SharedResources\nowarn\codecvt">
      <Filter>Header Files\nowarn</Filter>
    </None>
    <None Include="..\..\Users\jecraft\source\repos\PonyGame\SharedResources\nowarn\fstream">
      <Filter>Header Files\nowarn</Filter>
    </None>
    <None Include="..\..\Users\jecraft\source\repos\PonyGame\SharedResources\nowarn\future">
      <Filter>Header Files\nowarn</Filter>
    </None>
    <None Include="..\..\Users\jecraft\source\repos\PonyGame\SharedResources\nowarn\iomanip">
      <Filter>Header Files\nowarn</Filter>
    </None>
    <None Include="..\..\Users\jecraft\source\repos\PonyGame\SharedResources\nowarn\locale">
      <Filter>Header Files\nowarn</Filter>
    </None>
    <None Include="..\..\Users\jecraft\source\repos\PonyGame\SharedResources\nowarn\map">
      <Filter>Header Files\nowarn</Filter>
    </None>
    <None Include="..\..\Users\jecraft\source\repos\PonyGame\SharedResources\nowarn\memory">
      <Filter>Header Files\nowarn</Filter>
    </None>
    <None Include="..\..\Users\jecraft\source\repos\PonyGame\SharedResources\nowarn\msxml6.h">
      <Filter>Header Files\nowarn</Filter>
    </None>
    <None Include="..\..\Users\jecraft\source\repos\PonyGame\SharedResources\nowarn\mutex">
      <Filter>Header Files\nowarn</Filter>
    </None>
    <None Include="..\..\Users\jecraft\source\repos\PonyGame\SharedResources\nowarn\regex">
      <Filter>Header Files\nowarn</Filter>
    </None>
    <None Include="..\..\Users\jecraft\source\repos\PonyGame\SharedResources\nowarn\sstream">
      <Filter>Header Files\nowarn</Filter>
    </None>
    <None Include="..\..\Users\jecraft\source\repos\PonyGame\SharedResources\nowarn\string">
      <Filter>Header Files\nowarn</Filter>
    </None>
    <None Include="..\..\Users\jecraft\source\repos\PonyGame\SharedResources\nowarn\vector">
      <Filter>Header Files\nowarn</Filter>
    </None>
    <None Include="..\..\Users\jecraft\source\repos\PonyGame\SharedResources\nowarn\exception">
      <Filter>Header Files\nowarn</Filter>
    </None>
    <None Include="..\..\Users\jecraft\source\repos\PonyGame\SharedResources\nowarn\functional">
      <Filter>Header Files\nowarn</Filter>
    </None>
    <None Include="include\nowarn\iostream">
      <Filter>Header Files\nowarn</Filter>
    </None>
  </ItemGroup>
</Project>