
Microsoft Visual Studio Solution File, Format Version 12.00
# Visual Studio Version 16
VisualStudioVersion = 16.0.28721.148
MinimumVisualStudioVersion = 10.0.40219.1
Project("{2150E333-8FDC-42A3-9474-1A3956D46DE8}") = "Solution Items", "Solution Items", "{CE3BA928-ABC0-42B3-8018-0FE3D9C66596}"
EndProject
Project("{8BC9CEB8-8B4A-11D0-8D11-00A0C91BC942}") = "PonyGame", "PonyGame.vcxproj", "{9DFDA5FF-76ED-4705-B23A-DDBC96F22150}"
EndProject
Project("{8BC9CEB8-8B4A-11D0-8D11-00A0C91BC942}") = "DirectXTK_Desktop_2017", "DirectXTK\DirectXTK_Desktop_2017.vcxproj", "{E0B52AE7-E160-4D32-BF3F-910B785E5A8E}"
EndProject
Project("{8BC9CEB8-8B4A-11D0-8D11-00A0C91BC942}") = "SharedResources", "..\..\Users\jecraft\source\repos\PonyGame\SharedResources\SharedResources.vcxitems", "{3A0D016A-E674-4A3B-A65B-98EC26181DB2}"
EndProject
Project("{2150E333-8FDC-42A3-9474-1A3956D46DE8}") = "Third-Party", "Third-Party", "{B2B39071-82D9-4918-A47C-87A09B8DA8C1}"
EndProject
Global
	GlobalSection(SharedMSBuildProjectFiles) = preSolution
		..\..\Users\jecraft\source\repos\PonyGame\SharedResources\SharedResources.vcxitems*{3a0d016a-e674-4a3b-a65b-98ec26181db2}*SharedItemsImports = 9
		..\..\Users\jecraft\source\repos\PonyGame\SharedResources\SharedResources.vcxitems*{9dfda5ff-76ed-4705-b23a-ddbc96f22150}*SharedItemsImports = 4
	EndGlobalSection
	GlobalSection(SolutionConfigurationPlatforms) = preSolution
		Debug|x64 = Debug|x64
		Debug|x86 = Debug|x86
		Release|x64 = Release|x64
		Release|x86 = Release|x86
	EndGlobalSection
	GlobalSection(ProjectConfigurationPlatforms) = postSolution
		{9DFDA5FF-76ED-4705-B23A-DDBC96F22150}.Debug|x64.ActiveCfg = Debug|x64
		{9DFDA5FF-76ED-4705-B23A-DDBC96F22150}.Debug|x64.Build.0 = Debug|x64
		{9DFDA5FF-76ED-4705-B23A-DDBC96F22150}.Debug|x86.ActiveCfg = Debug|Win32
		{9DFDA5FF-76ED-4705-B23A-DDBC96F22150}.Debug|x86.Build.0 = Debug|Win32
		{9DFDA5FF-76ED-4705-B23A-DDBC96F22150}.Release|x64.ActiveCfg = Release|x64
		{9DFDA5FF-76ED-4705-B23A-DDBC96F22150}.Release|x64.Build.0 = Release|x64
		{9DFDA5FF-76ED-4705-B23A-DDBC96F22150}.Release|x86.ActiveCfg = Release|Win32
		{9DFDA5FF-76ED-4705-B23A-DDBC96F22150}.Release|x86.Build.0 = Release|Win32
		{E0B52AE7-E160-4D32-BF3F-910B785E5A8E}.Debug|x64.ActiveCfg = Debug|x64
		{E0B52AE7-E160-4D32-BF3F-910B785E5A8E}.Debug|x64.Build.0 = Debug|x64
		{E0B52AE7-E160-4D32-BF3F-910B785E5A8E}.Debug|x86.ActiveCfg = Debug|Win32
		{E0B52AE7-E160-4D32-BF3F-910B785E5A8E}.Debug|x86.Build.0 = Debug|Win32
		{E0B52AE7-E160-4D32-BF3F-910B785E5A8E}.Release|x64.ActiveCfg = Release|x64
		{E0B52AE7-E160-4D32-BF3F-910B785E5A8E}.Release|x64.Build.0 = Release|x64
		{E0B52AE7-E160-4D32-BF3F-910B785E5A8E}.Release|x86.ActiveCfg = Release|Win32
		{E0B52AE7-E160-4D32-BF3F-910B785E5A8E}.Release|x86.Build.0 = Release|Win32
	EndGlobalSection
	GlobalSection(SolutionProperties) = preSolution
		HideSolutionNode = FALSE
	EndGlobalSection
	GlobalSection(NestedProjects) = preSolution
		{E0B52AE7-E160-4D32-BF3F-910B785E5A8E} = {B2B39071-82D9-4918-A47C-87A09B8DA8C1}
	EndGlobalSection
	GlobalSection(ExtensibilityGlobals) = postSolution
		SolutionGuid = {BF343284-7D40-4FEC-897F-4E9D1C59982F}
	EndGlobalSection
EndGlobal
