<?xml version="1.0" encoding="utf-8"?>
<Project ToolsVersion="4.0" xmlns="http://schemas.microsoft.com/developer/msbuild/2003">
  <ItemGroup>
    <Filter Include="Source Files">
      <UniqueIdentifier>{4FC737F1-C7A5-4376-A066-2A32D752A2FF}</UniqueIdentifier>
      <Extensions>cpp;c;cc;cxx;def;odl;idl;hpj;bat;asm;asmx</Extensions>
    </Filter>
    <Filter Include="Header Files">
      <UniqueIdentifier>{93995380-89BD-4b04-88EB-625FBE52EBFB}</UniqueIdentifier>
      <Extensions>h;hh;hpp;hxx;hm;inl;inc;ipp;xsd</Extensions>
    </Filter>
    <Filter Include="Resource Files">
      <UniqueIdentifier>{67DA6AB6-F800-4c08-8B7A-83BB121AAD01}</UniqueIdentifier>
      <Extensions>rc;ico;cur;bmp;dlg;rc2;rct;bin;rgs;gif;jpg;jpeg;jpe;resx;tiff;tif;png;wav;mfcribbon-ms</Extensions>
    </Filter>
    <Filter Include="Resource Files\assets">
      <UniqueIdentifier>{822eaace-c9b0-41cc-86b9-fd23b81047d6}</UniqueIdentifier>
    </Filter>
  </ItemGroup>
  <ItemGroup>
    <ClCompile Include="Main.cpp">
      <Filter>Source Files</Filter>
    </ClCompile>
    <ClCompile Include="PonyGame.cpp">
      <Filter>Source Files</Filter>
    </ClCompile>
    <ClCompile Include="StepTimer.cpp">
      <Filter>Source Files</Filter>
    </ClCompile>
    <ClCompile Include="Sprite.cpp">
      <Filter>Source Files</Filter>
    </ClCompile>
    <ClCompile Include="Pony.cpp">
      <Filter>Source Files</Filter>
    </ClCompile>
    <ClCompile Include="LevelScreen.cpp">
      <Filter>Source Files</Filter>
    </ClCompile>
    <ClCompile Include="Entity.cpp">
      <Filter>Source Files</Filter>
    </ClCompile>
    <ClCompile Include="InputState.cpp">
      <Filter>Source Files</Filter>
    </ClCompile>
  </ItemGroup>
  <ItemGroup>
    <ClInclude Include="PonyGame.h">
      <Filter>Header Files</Filter>
    </ClInclude>
    <ClInclude Include="StepTimer.h">
      <Filter>Header Files</Filter>
    </ClInclude>
    <ClInclude Include="Constants.h">
      <Filter>Header Files</Filter>
    </ClInclude>
    <ClInclude Include="LevelScreen.h">
      <Filter>Header Files</Filter>
    </ClInclude>
    <ClInclude Include="Sprite.h">
      <Filter>Header Files</Filter>
    </ClInclude>
    <ClInclude Include="Pony.h">
      <Filter>Header Files</Filter>
    </ClInclude>
    <ClInclude Include="BackgroundTile.h">
      <Filter>Header Files</Filter>
    </ClInclude>
    <ClInclude Include="Entity.h">
      <Filter>Header Files</Filter>
    </ClInclude>
    <ClInclude Include="InputState.h">
      <Filter>Header Files</Filter>
    </ClInclude>
  </ItemGroup>
  <ItemGroup>
    <None Include="cpp.hint" />
  </ItemGroup>
  <ItemGroup>
    <Image Include="assets\grass_tile.DDS">
      <Filter>Resource Files\assets</Filter>
    </Image>
    <Image Include="assets\grass_tile_orig.DDS">
      <Filter>Resource Files\assets</Filter>
    </Image>
    <Image Include="assets\grass_tile1.DDS">
      <Filter>Resource Files\assets</Filter>
    </Image>
    <Image Include="assets\moon_ne.DDS">
      <Filter>Resource Files\assets</Filter>
    </Image>
    <Image Include="assets\moon_nw.DDS">
      <Filter>Resource Files\assets</Filter>
    </Image>
    <Image Include="assets\moon_se.DDS">
      <Filter>Resource Files\assets</Filter>
    </Image>
    <Image Include="assets\moon_sw.DDS">
      <Filter>Resource Files\assets</Filter>
    </Image>
    <Image Include="assets\pony_idle.DDS">
      <Filter>Resource Files\assets</Filter>
    </Image>
    <Image Include="assets\pony_jumping.DDS">
      <Filter>Resource Files\assets</Filter>
    </Image>
    <Image Include="assets\pony_running.DDS">
      <Filter>Resource Files\assets</Filter>
    </Image>
    <Image Include="assets\sky_ne.DDS">
      <Filter>Resource Files\assets</Filter>
    </Image>
    <Image Include="assets\sky_nw.DDS">
      <Filter>Resource Files\assets</Filter>
    </Image>
    <Image Include="assets\sky_se.DDS">
      <Filter>Resource Files\assets</Filter>
    </Image>
    <Image Include="assets\sky_sw.DDS">
      <Filter>Resource Files\assets</Filter>
    </Image>
  </ItemGroup>
</Project>